// !$*UTF8*$!
{
	archiveVersion = 1;
	classes = {
	};
	objectVersion = 46;
	objects = {

/* Begin PBXBuildFile section */
		27696929156F18C200DC0EBA /* Heroine.cpp in Sources */ = {isa = PBXBuildFile; fileRef = 27696928156F18C100DC0EBA /* Heroine.cpp */; };
		27907275156B7AAC00AE1D83 /* LowerGradesOfElementary.cpp in Sources */ = {isa = PBXBuildFile; fileRef = 27907274156B7AAC00AE1D83 /* LowerGradesOfElementary.cpp */; };
		2790727C156B873B00AE1D83 /* ActionTableData.mm in Sources */ = {isa = PBXBuildFile; fileRef = 2790727B156B873B00AE1D83 /* ActionTableData.mm */; };
		27907283156B8FEC00AE1D83 /* HeroineTableData.m in Sources */ = {isa = PBXBuildFile; fileRef = 27907282156B8FEC00AE1D83 /* HeroineTableData.m */; };
		27907297156CA5CD00AE1D83 /* UpperGradesOfElementary.cpp in Sources */ = {isa = PBXBuildFile; fileRef = 27907296156CA5CC00AE1D83 /* UpperGradesOfElementary.cpp */; };
		2793FB03155D62780028EF15 /* Cocoa.framework in Frameworks */ = {isa = PBXBuildFile; fileRef = 2793FB02155D62780028EF15 /* Cocoa.framework */; };
		2793FB0D155D62780028EF15 /* InfoPlist.strings in Resources */ = {isa = PBXBuildFile; fileRef = 2793FB0B155D62780028EF15 /* InfoPlist.strings */; };
		2793FB0F155D62780028EF15 /* main.mm in Sources */ = {isa = PBXBuildFile; fileRef = 2793FB0E155D62780028EF15 /* main.mm */; };
		2793FB13155D62780028EF15 /* Credits.rtf in Resources */ = {isa = PBXBuildFile; fileRef = 2793FB11155D62780028EF15 /* Credits.rtf */; };
		2793FB16155D62780028EF15 /* AppDelegate.mm in Sources */ = {isa = PBXBuildFile; fileRef = 2793FB15155D62780028EF15 /* AppDelegate.mm */; };
		2793FB19155D62790028EF15 /* MainMenu.xib in Resources */ = {isa = PBXBuildFile; fileRef = 2793FB17155D62790028EF15 /* MainMenu.xib */; };
		279E9CFD156E2D8700A0352B /* StoryWindowController.xib in Resources */ = {isa = PBXBuildFile; fileRef = 279E9CFC156E2D8700A0352B /* StoryWindowController.xib */; };
		27C1967F156931AA003C4D5F /* CommandMenu.xib in Resources */ = {isa = PBXBuildFile; fileRef = 27C1967E156931AA003C4D5F /* CommandMenu.xib */; };
		27C19694156A3B55003C4D5F /* Game.cpp in Sources */ = {isa = PBXBuildFile; fileRef = 27C19693156A3B55003C4D5F /* Game.cpp */; };
		27C9A845156A78B90081E9D3 /* CommandMenuController.mm in Sources */ = {isa = PBXBuildFile; fileRef = 27C9A844156A78B90081E9D3 /* CommandMenuController.mm */; };
		886178B1156D7E9B00A037C9 /* Action.cpp in Sources */ = {isa = PBXBuildFile; fileRef = 886178B0156D7E9B00A037C9 /* Action.cpp */; };
		88862ED2156CC52A004F8BA7 /* StoryView.mm in Sources */ = {isa = PBXBuildFile; fileRef = 88862ED1156CC52A004F8BA7 /* StoryView.mm */; };
		88EFC94F156CD79700051D95 /* StoryWindowController.mm in Sources */ = {isa = PBXBuildFile; fileRef = 88EFC94D156CD79700051D95 /* StoryWindowController.mm */; };
/* End PBXBuildFile section */

/* Begin PBXFileReference section */
		27696928156F18C100DC0EBA /* Heroine.cpp */ = {isa = PBXFileReference; fileEncoding = 4; lastKnownFileType = sourcecode.cpp.cpp; path = Heroine.cpp; sourceTree = "<group>"; };
		27907272156B7A2900AE1D83 /* LowerGradesOfElementary.h */ = {isa = PBXFileReference; fileEncoding = 4; lastKnownFileType = sourcecode.c.h; path = LowerGradesOfElementary.h; sourceTree = "<group>"; };
		27907274156B7AAC00AE1D83 /* LowerGradesOfElementary.cpp */ = {isa = PBXFileReference; fileEncoding = 4; lastKnownFileType = sourcecode.cpp.cpp; path = LowerGradesOfElementary.cpp; sourceTree = "<group>"; };
		2790727A156B873A00AE1D83 /* ActionTableData.h */ = {isa = PBXFileReference; fileEncoding = 4; lastKnownFileType = sourcecode.c.h; path = ActionTableData.h; sourceTree = "<group>"; };
		2790727B156B873B00AE1D83 /* ActionTableData.mm */ = {isa = PBXFileReference; fileEncoding = 4; lastKnownFileType = sourcecode.cpp.objcpp; path = ActionTableData.mm; sourceTree = "<group>"; };
		27907281156B8FEB00AE1D83 /* HeroineTableData.h */ = {isa = PBXFileReference; fileEncoding = 4; lastKnownFileType = sourcecode.c.h; path = HeroineTableData.h; sourceTree = "<group>"; };
		27907282156B8FEC00AE1D83 /* HeroineTableData.m */ = {isa = PBXFileReference; fileEncoding = 4; lastKnownFileType = sourcecode.c.objc; path = HeroineTableData.m; sourceTree = "<group>"; };
		27907295156CA5B600AE1D83 /* UpperGradesOfElementary.h */ = {isa = PBXFileReference; fileEncoding = 4; lastKnownFileType = sourcecode.c.h; path = UpperGradesOfElementary.h; sourceTree = "<group>"; };
		27907296156CA5CC00AE1D83 /* UpperGradesOfElementary.cpp */ = {isa = PBXFileReference; fileEncoding = 4; lastKnownFileType = sourcecode.cpp.cpp; path = UpperGradesOfElementary.cpp; sourceTree = "<group>"; };
		2793FAFE155D62780028EF15 /* HomeComing.app */ = {isa = PBXFileReference; explicitFileType = wrapper.application; includeInIndex = 0; path = HomeComing.app; sourceTree = BUILT_PRODUCTS_DIR; };
		2793FB02155D62780028EF15 /* Cocoa.framework */ = {isa = PBXFileReference; lastKnownFileType = wrapper.framework; name = Cocoa.framework; path = System/Library/Frameworks/Cocoa.framework; sourceTree = SDKROOT; };
		2793FB05155D62780028EF15 /* AppKit.framework */ = {isa = PBXFileReference; lastKnownFileType = wrapper.framework; name = AppKit.framework; path = System/Library/Frameworks/AppKit.framework; sourceTree = SDKROOT; };
		2793FB06155D62780028EF15 /* CoreData.framework */ = {isa = PBXFileReference; lastKnownFileType = wrapper.framework; name = CoreData.framework; path = System/Library/Frameworks/CoreData.framework; sourceTree = SDKROOT; };
		2793FB07155D62780028EF15 /* Foundation.framework */ = {isa = PBXFileReference; lastKnownFileType = wrapper.framework; name = Foundation.framework; path = System/Library/Frameworks/Foundation.framework; sourceTree = SDKROOT; };
		2793FB0A155D62780028EF15 /* HomeComing-Info.plist */ = {isa = PBXFileReference; lastKnownFileType = text.plist.xml; path = "HomeComing-Info.plist"; sourceTree = "<group>"; };
		2793FB0C155D62780028EF15 /* en */ = {isa = PBXFileReference; lastKnownFileType = text.plist.strings; name = en; path = en.lproj/InfoPlist.strings; sourceTree = "<group>"; };
		2793FB0E155D62780028EF15 /* main.mm */ = {isa = PBXFileReference; lastKnownFileType = sourcecode.cpp.objcpp; path = main.mm; sourceTree = "<group>"; };
		2793FB10155D62780028EF15 /* HomeComing-Prefix.pch */ = {isa = PBXFileReference; lastKnownFileType = sourcecode.c.h; path = "HomeComing-Prefix.pch"; sourceTree = "<group>"; };
		2793FB12155D62780028EF15 /* en */ = {isa = PBXFileReference; lastKnownFileType = text.rtf; name = en; path = en.lproj/Credits.rtf; sourceTree = "<group>"; };
		2793FB14155D62780028EF15 /* AppDelegate.h */ = {isa = PBXFileReference; lastKnownFileType = sourcecode.c.h; path = AppDelegate.h; sourceTree = "<group>"; };
		2793FB15155D62780028EF15 /* AppDelegate.mm */ = {isa = PBXFileReference; lastKnownFileType = sourcecode.cpp.objcpp; path = AppDelegate.mm; sourceTree = "<group>"; };
		2793FB18155D62790028EF15 /* en */ = {isa = PBXFileReference; lastKnownFileType = file.xib; name = en; path = en.lproj/MainMenu.xib; sourceTree = "<group>"; };
		279E9CFC156E2D8700A0352B /* StoryWindowController.xib */ = {isa = PBXFileReference; fileEncoding = 4; lastKnownFileType = file.xib; path = StoryWindowController.xib; sourceTree = "<group>"; };
		27C1967E156931AA003C4D5F /* CommandMenu.xib */ = {isa = PBXFileReference; fileEncoding = 4; lastKnownFileType = file.xib; path = CommandMenu.xib; sourceTree = "<group>"; };
		27C1968515693A4B003C4D5F /* Hero.h */ = {isa = PBXFileReference; fileEncoding = 4; lastKnownFileType = sourcecode.c.h; path = Hero.h; sourceTree = "<group>"; };
		27C1968615693A58003C4D5F /* System.h */ = {isa = PBXFileReference; fileEncoding = 4; lastKnownFileType = sourcecode.c.h; path = System.h; sourceTree = "<group>"; };
		27C1968915693B71003C4D5F /* Action.h */ = {isa = PBXFileReference; fileEncoding = 4; lastKnownFileType = sourcecode.c.h; path = Action.h; sourceTree = "<group>"; };
		27C1968A15693BB0003C4D5F /* Utility.h */ = {isa = PBXFileReference; fileEncoding = 4; lastKnownFileType = sourcecode.c.h; path = Utility.h; sourceTree = "<group>"; };
		27C1968F156A3372003C4D5F /* Heroine.h */ = {isa = PBXFileReference; fileEncoding = 4; lastKnownFileType = sourcecode.c.h; path = Heroine.h; sourceTree = "<group>"; };
		27C19691156A34F5003C4D5F /* Game.h */ = {isa = PBXFileReference; fileEncoding = 4; lastKnownFileType = sourcecode.c.h; path = Game.h; sourceTree = "<group>"; };
		27C19692156A37C1003C4D5F /* School.h */ = {isa = PBXFileReference; fileEncoding = 4; lastKnownFileType = sourcecode.c.h; path = School.h; sourceTree = "<group>"; };
		27C19693156A3B55003C4D5F /* Game.cpp */ = {isa = PBXFileReference; fileEncoding = 4; lastKnownFileType = sourcecode.cpp.cpp; path = Game.cpp; sourceTree = "<group>"; };
		27C9A843156A78B90081E9D3 /* CommandMenuController.h */ = {isa = PBXFileReference; fileEncoding = 4; lastKnownFileType = sourcecode.c.h; path = CommandMenuController.h; sourceTree = "<group>"; };
		27C9A844156A78B90081E9D3 /* CommandMenuController.mm */ = {isa = PBXFileReference; fileEncoding = 4; lastKnownFileType = sourcecode.cpp.objcpp; path = CommandMenuController.mm; sourceTree = "<group>"; };
		27C9A84E156A7E5D0081E9D3 /* GameStateAge.h */ = {isa = PBXFileReference; fileEncoding = 4; lastKnownFileType = sourcecode.c.h; path = GameStateAge.h; sourceTree = "<group>"; };
		886178B0156D7E9B00A037C9 /* Action.cpp */ = {isa = PBXFileReference; fileEncoding = 4; lastKnownFileType = sourcecode.cpp.cpp; path = Action.cpp; sourceTree = "<group>"; };
		88862ED0156CC52A004F8BA7 /* StoryView.h */ = {isa = PBXFileReference; fileEncoding = 4; lastKnownFileType = sourcecode.c.h; path = StoryView.h; sourceTree = "<group>"; };
		88862ED1156CC52A004F8BA7 /* StoryView.mm */ = {isa = PBXFileReference; fileEncoding = 4; lastKnownFileType = sourcecode.cpp.objcpp; path = StoryView.mm; sourceTree = "<group>"; };
		88EFC944156CCBEF00051D95 /* Story.hpp */ = {isa = PBXFileReference; lastKnownFileType = sourcecode.cpp.h; path = Story.hpp; sourceTree = "<group>"; };
		88EFC94C156CD79700051D95 /* StoryWindowController.h */ = {isa = PBXFileReference; fileEncoding = 4; lastKnownFileType = sourcecode.c.h; path = StoryWindowController.h; sourceTree = "<group>"; };
		88EFC94D156CD79700051D95 /* StoryWindowController.mm */ = {isa = PBXFileReference; fileEncoding = 4; lastKnownFileType = sourcecode.cpp.objcpp; path = StoryWindowController.mm; sourceTree = "<group>"; };
/* End PBXFileReference section */

/* Begin PBXFrameworksBuildPhase section */
		2793FAFB155D62780028EF15 /* Frameworks */ = {
			isa = PBXFrameworksBuildPhase;
			buildActionMask = 2147483647;
			files = (
				2793FB03155D62780028EF15 /* Cocoa.framework in Frameworks */,
			);
			runOnlyForDeploymentPostprocessing = 0;
		};
/* End PBXFrameworksBuildPhase section */

/* Begin PBXGroup section */
		2793FAF3155D62780028EF15 = {
			isa = PBXGroup;
			children = (
				2793FB08155D62780028EF15 /* HomeComing */,
				2793FB01155D62780028EF15 /* Frameworks */,
				2793FAFF155D62780028EF15 /* Products */,
			);
			sourceTree = "<group>";
		};
		2793FAFF155D62780028EF15 /* Products */ = {
			isa = PBXGroup;
			children = (
				2793FAFE155D62780028EF15 /* HomeComing.app */,
			);
			name = Products;
			sourceTree = "<group>";
		};
		2793FB01155D62780028EF15 /* Frameworks */ = {
			isa = PBXGroup;
			children = (
				2793FB02155D62780028EF15 /* Cocoa.framework */,
				2793FB04155D62780028EF15 /* Other Frameworks */,
			);
			name = Frameworks;
			sourceTree = "<group>";
		};
		2793FB04155D62780028EF15 /* Other Frameworks */ = {
			isa = PBXGroup;
			children = (
				2793FB05155D62780028EF15 /* AppKit.framework */,
				2793FB06155D62780028EF15 /* CoreData.framework */,
				2793FB07155D62780028EF15 /* Foundation.framework */,
			);
			name = "Other Frameworks";
			sourceTree = "<group>";
		};
		2793FB08155D62780028EF15 /* HomeComing */ = {
			isa = PBXGroup;
			children = (
				2793FB14155D62780028EF15 /* AppDelegate.h */,
				2793FB15155D62780028EF15 /* AppDelegate.mm */,
				27C1968615693A58003C4D5F /* System.h */,
				27C1968515693A4B003C4D5F /* Hero.h */,
				27C9A84E156A7E5D0081E9D3 /* GameStateAge.h */,
				27907272156B7A2900AE1D83 /* LowerGradesOfElementary.h */,
				27907274156B7AAC00AE1D83 /* LowerGradesOfElementary.cpp */,
				27907295156CA5B600AE1D83 /* UpperGradesOfElementary.h */,
				27907296156CA5CC00AE1D83 /* UpperGradesOfElementary.cpp */,
				27C19691156A34F5003C4D5F /* Game.h */,
				27C19693156A3B55003C4D5F /* Game.cpp */,
				27C1968F156A3372003C4D5F /* Heroine.h */,
				27696928156F18C100DC0EBA /* Heroine.cpp */,
				27C19692156A37C1003C4D5F /* School.h */,
				2790727A156B873A00AE1D83 /* ActionTableData.h */,
				27907281156B8FEB00AE1D83 /* HeroineTableData.h */,
				27907282156B8FEC00AE1D83 /* HeroineTableData.m */,
				2790727B156B873B00AE1D83 /* ActionTableData.mm */,
				27C9A843156A78B90081E9D3 /* CommandMenuController.h */,
				27C9A844156A78B90081E9D3 /* CommandMenuController.mm */,
				2793FB17155D62790028EF15 /* MainMenu.xib */,
				27C1967E156931AA003C4D5F /* CommandMenu.xib */,
				27C1968915693B71003C4D5F /* Action.h */,
				27C1968A15693BB0003C4D5F /* Utility.h */,
				2793FB09155D62780028EF15 /* Supporting Files */,
				88862ED0156CC52A004F8BA7 /* StoryView.h */,
				88862ED1156CC52A004F8BA7 /* StoryView.mm */,
				88EFC944156CCBEF00051D95 /* Story.hpp */,
				88EFC94C156CD79700051D95 /* StoryWindowController.h */,
				88EFC94D156CD79700051D95 /* StoryWindowController.mm */,
				886178B0156D7E9B00A037C9 /* Action.cpp */,
				279E9CFC156E2D8700A0352B /* StoryWindowController.xib */,
			);
			path = HomeComing;
			sourceTree = "<group>";
		};
		2793FB09155D62780028EF15 /* Supporting Files */ = {
			isa = PBXGroup;
			children = (
				2793FB0A155D62780028EF15 /* HomeComing-Info.plist */,
				2793FB0B155D62780028EF15 /* InfoPlist.strings */,
				2793FB0E155D62780028EF15 /* main.mm */,
				2793FB10155D62780028EF15 /* HomeComing-Prefix.pch */,
				2793FB11155D62780028EF15 /* Credits.rtf */,
			);
			name = "Supporting Files";
			sourceTree = "<group>";
		};
/* End PBXGroup section */

/* Begin PBXNativeTarget section */
		2793FAFD155D62780028EF15 /* HomeComing */ = {
			isa = PBXNativeTarget;
			buildConfigurationList = 2793FB1C155D62790028EF15 /* Build configuration list for PBXNativeTarget "HomeComing" */;
			buildPhases = (
				2793FAFA155D62780028EF15 /* Sources */,
				2793FAFB155D62780028EF15 /* Frameworks */,
				2793FAFC155D62780028EF15 /* Resources */,
			);
			buildRules = (
			);
			dependencies = (
			);
			name = HomeComing;
			productName = HomeComing;
			productReference = 2793FAFE155D62780028EF15 /* HomeComing.app */;
			productType = "com.apple.product-type.application";
		};
/* End PBXNativeTarget section */

/* Begin PBXProject section */
		2793FAF5155D62780028EF15 /* Project object */ = {
			isa = PBXProject;
			attributes = {
				LastUpgradeCheck = 0420;
			};
			buildConfigurationList = 2793FAF8155D62780028EF15 /* Build configuration list for PBXProject "HomeComing" */;
			compatibilityVersion = "Xcode 3.2";
			developmentRegion = English;
			hasScannedForEncodings = 0;
			knownRegions = (
				en,
			);
			mainGroup = 2793FAF3155D62780028EF15;
			productRefGroup = 2793FAFF155D62780028EF15 /* Products */;
			projectDirPath = "";
			projectRoot = "";
			targets = (
				2793FAFD155D62780028EF15 /* HomeComing */,
			);
		};
/* End PBXProject section */

/* Begin PBXResourcesBuildPhase section */
		2793FAFC155D62780028EF15 /* Resources */ = {
			isa = PBXResourcesBuildPhase;
			buildActionMask = 2147483647;
			files = (
				2793FB0D155D62780028EF15 /* InfoPlist.strings in Resources */,
				2793FB13155D62780028EF15 /* Credits.rtf in Resources */,
				2793FB19155D62790028EF15 /* MainMenu.xib in Resources */,
				27C1967F156931AA003C4D5F /* CommandMenu.xib in Resources */,
				279E9CFD156E2D8700A0352B /* StoryWindowController.xib in Resources */,
			);
			runOnlyForDeploymentPostprocessing = 0;
		};
/* End PBXResourcesBuildPhase section */

/* Begin PBXSourcesBuildPhase section */
		2793FAFA155D62780028EF15 /* Sources */ = {
			isa = PBXSourcesBuildPhase;
			buildActionMask = 2147483647;
			files = (
				2793FB0F155D62780028EF15 /* main.mm in Sources */,
				2793FB16155D62780028EF15 /* AppDelegate.mm in Sources */,
				27C19694156A3B55003C4D5F /* Game.cpp in Sources */,
				27C9A845156A78B90081E9D3 /* CommandMenuController.mm in Sources */,
				27907275156B7AAC00AE1D83 /* LowerGradesOfElementary.cpp in Sources */,
				2790727C156B873B00AE1D83 /* ActionTableData.mm in Sources */,
				27907283156B8FEC00AE1D83 /* HeroineTableData.m in Sources */,
				27907297156CA5CD00AE1D83 /* UpperGradesOfElementary.cpp in Sources */,
				88862ED2156CC52A004F8BA7 /* StoryView.mm in Sources */,
				88EFC94F156CD79700051D95 /* StoryWindowController.mm in Sources */,
				886178B1156D7E9B00A037C9 /* Action.cpp in Sources */,
				27696929156F18C200DC0EBA /* Heroine.cpp in Sources */,
			);
			runOnlyForDeploymentPostprocessing = 0;
		};
/* End PBXSourcesBuildPhase section */

/* Begin PBXVariantGroup section */
		2793FB0B155D62780028EF15 /* InfoPlist.strings */ = {
			isa = PBXVariantGroup;
			children = (
				2793FB0C155D62780028EF15 /* en */,
			);
			name = InfoPlist.strings;
			sourceTree = "<group>";
		};
		2793FB11155D62780028EF15 /* Credits.rtf */ = {
			isa = PBXVariantGroup;
			children = (
				2793FB12155D62780028EF15 /* en */,
			);
			name = Credits.rtf;
			sourceTree = "<group>";
		};
		2793FB17155D62790028EF15 /* MainMenu.xib */ = {
			isa = PBXVariantGroup;
			children = (
				2793FB18155D62790028EF15 /* en */,
			);
			name = MainMenu.xib;
			sourceTree = "<group>";
		};
/* End PBXVariantGroup section */

/* Begin XCBuildConfiguration section */
		2793FB1A155D62790028EF15 /* Debug */ = {
			isa = XCBuildConfiguration;
			buildSettings = {
				ALWAYS_SEARCH_USER_PATHS = NO;
				ARCHS = "$(ARCHS_STANDARD_64_BIT)";
				COPY_PHASE_STRIP = NO;
				GCC_C_LANGUAGE_STANDARD = gnu99;
				GCC_DYNAMIC_NO_PIC = NO;
				GCC_ENABLE_OBJC_EXCEPTIONS = YES;
				GCC_INPUT_FILETYPE = sourcecode.cpp.objcpp;
				GCC_OPTIMIZATION_LEVEL = 0;
				GCC_PREPROCESSOR_DEFINITIONS = (
					"DEBUG=1",
					"$(inherited)",
				);
				GCC_SYMBOLS_PRIVATE_EXTERN = NO;
				GCC_VERSION = com.apple.compilers.llvm.clang.1_0;
				GCC_WARN_64_TO_32_BIT_CONVERSION = YES;
				GCC_WARN_ABOUT_MISSING_PROTOTYPES = YES;
				GCC_WARN_ABOUT_RETURN_TYPE = YES;
				GCC_WARN_UNUSED_VARIABLE = YES;
				MACOSX_DEPLOYMENT_TARGET = 10.6;
				ONLY_ACTIVE_ARCH = YES;
				SDKROOT = macosx;
			};
			name = Debug;
		};
		2793FB1B155D62790028EF15 /* Release */ = {
			isa = XCBuildConfiguration;
			buildSettings = {
				ALWAYS_SEARCH_USER_PATHS = NO;
				ARCHS = "$(ARCHS_STANDARD_64_BIT)";
				COPY_PHASE_STRIP = YES;
				DEBUG_INFORMATION_FORMAT = "dwarf-with-dsym";
				GCC_C_LANGUAGE_STANDARD = gnu99;
				GCC_ENABLE_OBJC_EXCEPTIONS = YES;
				GCC_INPUT_FILETYPE = sourcecode.cpp.objcpp;
				GCC_VERSION = com.apple.compilers.llvm.clang.1_0;
				GCC_WARN_64_TO_32_BIT_CONVERSION = YES;
				GCC_WARN_ABOUT_MISSING_PROTOTYPES = YES;
				GCC_WARN_ABOUT_RETURN_TYPE = YES;
				GCC_WARN_UNUSED_VARIABLE = YES;
				MACOSX_DEPLOYMENT_TARGET = 10.6;
				SDKROOT = macosx;
			};
			name = Release;
		};
		2793FB1D155D62790028EF15 /* Debug */ = {
			isa = XCBuildConfiguration;
			buildSettings = {
				GCC_PRECOMPILE_PREFIX_HEADER = YES;
				GCC_PREFIX_HEADER = "HomeComing/HomeComing-Prefix.pch";
				INFOPLIST_FILE = "HomeComing/HomeComing-Info.plist";
				PRODUCT_NAME = "$(TARGET_NAME)";
				WRAPPER_EXTENSION = app;
			};
			name = Debug;
		};
		2793FB1E155D62790028EF15 /* Release */ = {
			isa = XCBuildConfiguration;
			buildSettings = {
				GCC_PRECOMPILE_PREFIX_HEADER = YES;
				GCC_PREFIX_HEADER = "HomeComing/HomeComing-Prefix.pch";
				INFOPLIST_FILE = "HomeComing/HomeComing-Info.plist";
				PRODUCT_NAME = "$(TARGET_NAME)";
				WRAPPER_EXTENSION = app;
			};
			name = Release;
		};
/* End XCBuildConfiguration section */

/* Begin XCConfigurationList section */
		2793FAF8155D62780028EF15 /* Build configuration list for PBXProject "HomeComing" */ = {
			isa = XCConfigurationList;
			buildConfigurations = (
				2793FB1A155D62790028EF15 /* Debug */,
				2793FB1B155D62790028EF15 /* Release */,
			);
			defaultConfigurationIsVisible = 0;
			defaultConfigurationName = Release;
		};
		2793FB1C155D62790028EF15 /* Build configuration list for PBXNativeTarget "HomeComing" */ = {
			isa = XCConfigurationList;
			buildConfigurations = (
				2793FB1D155D62790028EF15 /* Debug */,
				2793FB1E155D62790028EF15 /* Release */,
			);
			defaultConfigurationIsVisible = 0;
			defaultConfigurationName = Release;
		};
/* End XCConfigurationList section */
	};
	rootObject = 2793FAF5155D62780028EF15 /* Project object */;
}
